
Microsoft Visual Studio Solution File, Format Version 12.00
# Visual Studio Version 17
VisualStudioVersion = 17.8.34330.188
MinimumVisualStudioVersion = 10.0.40219.1
Project("{9A19103F-16F7-4668-BE54-9A1E7A4F7556}") = "BL", "BL\BL.csproj", "{0B6B684A-CEE8-47F2-876C-4DF4BE0BF9BF}"
EndProject
Project("{9A19103F-16F7-4668-BE54-9A1E7A4F7556}") = "ML", "ML\ML.csproj", "{0A1B44BE-8D1D-4C64-ADF6-632C1DB7F105}"
EndProject
Project("{9A19103F-16F7-4668-BE54-9A1E7A4F7556}") = "PL", "PL\PL.csproj", "{B18B2DD6-E9C6-4554-ACF4-D4FF3A28CCD8}"
EndProject
Project("{9A19103F-16F7-4668-BE54-9A1E7A4F7556}") = "DL", "DL\DL.csproj", "{75C55BA6-E6B3-456D-B086-7821442130E8}"
EndProject
Project("{FAE04EC0-301F-11D3-BF4B-00C04F79EFBC}") = "SL", "SL\SL.csproj", "{F316B080-22F8-48E5-B5D7-03A45FFC0D2D}"
EndProject
Global
	GlobalSection(SolutionConfigurationPlatforms) = preSolution
		Debug|Any CPU = Debug|Any CPU
		Release|Any CPU = Release|Any CPU
	EndGlobalSection
	GlobalSection(ProjectConfigurationPlatforms) = postSolution
		{0B6B684A-CEE8-47F2-876C-4DF4BE0BF9BF}.Debug|Any CPU.ActiveCfg = Debug|Any CPU
		{0B6B684A-CEE8-47F2-876C-4DF4BE0BF9BF}.Debug|Any CPU.Build.0 = Debug|Any CPU
		{0B6B684A-CEE8-47F2-876C-4DF4BE0BF9BF}.Release|Any CPU.ActiveCfg = Release|Any CPU
		{0B6B684A-CEE8-47F2-876C-4DF4BE0BF9BF}.Release|Any CPU.Build.0 = Release|Any CPU
		{0A1B44BE-8D1D-4C64-ADF6-632C1DB7F105}.Debug|Any CPU.ActiveCfg = Debug|Any CPU
		{0A1B44BE-8D1D-4C64-ADF6-632C1DB7F105}.Debug|Any CPU.Build.0 = Debug|Any CPU
		{0A1B44BE-8D1D-4C64-ADF6-632C1DB7F105}.Release|Any CPU.ActiveCfg = Release|Any CPU
		{0A1B44BE-8D1D-4C64-ADF6-632C1DB7F105}.Release|Any CPU.Build.0 = Release|Any CPU
		{B18B2DD6-E9C6-4554-ACF4-D4FF3A28CCD8}.Debug|Any CPU.ActiveCfg = Debug|Any CPU
		{B18B2DD6-E9C6-4554-ACF4-D4FF3A28CCD8}.Debug|Any CPU.Build.0 = Debug|Any CPU
		{B18B2DD6-E9C6-4554-ACF4-D4FF3A28CCD8}.Release|Any CPU.ActiveCfg = Release|Any CPU
		{B18B2DD6-E9C6-4554-ACF4-D4FF3A28CCD8}.Release|Any CPU.Build.0 = Release|Any CPU
		{75C55BA6-E6B3-456D-B086-7821442130E8}.Debug|Any CPU.ActiveCfg = Debug|Any CPU
		{75C55BA6-E6B3-456D-B086-7821442130E8}.Debug|Any CPU.Build.0 = Debug|Any CPU
		{75C55BA6-E6B3-456D-B086-7821442130E8}.Release|Any CPU.ActiveCfg = Release|Any CPU
		{75C55BA6-E6B3-456D-B086-7821442130E8}.Release|Any CPU.Build.0 = Release|Any CPU
		{F316B080-22F8-48E5-B5D7-03A45FFC0D2D}.Debug|Any CPU.ActiveCfg = Debug|Any CPU
		{F316B080-22F8-48E5-B5D7-03A45FFC0D2D}.Debug|Any CPU.Build.0 = Debug|Any CPU
		{F316B080-22F8-48E5-B5D7-03A45FFC0D2D}.Release|Any CPU.ActiveCfg = Release|Any CPU
		{F316B080-22F8-48E5-B5D7-03A45FFC0D2D}.Release|Any CPU.Build.0 = Release|Any CPU
	EndGlobalSection
	GlobalSection(SolutionProperties) = preSolution
		HideSolutionNode = FALSE
	EndGlobalSection
	GlobalSection(ExtensibilityGlobals) = postSolution
		SolutionGuid = {F020A292-4438-45CB-B029-7A6A0955A9B4}
	EndGlobalSection
EndGlobal
